// !$*UTF8*$!
{
	archiveVersion = 1;
	classes = {
	};
	objectVersion = 56;
	objects = {

/* Begin PBXBuildFile section */
		A393258B2994836F007EA0F7 /* MainButton.xib in Resources */ = {isa = PBXBuildFile; fileRef = A393258A2994836F007EA0F7 /* MainButton.xib */; };
		A393258E299483A4007EA0F7 /* SecondButton.xib in Resources */ = {isa = PBXBuildFile; fileRef = A393258D299483A4007EA0F7 /* SecondButton.xib */; };
		A3932590299483AF007EA0F7 /* SecondButton.swift in Sources */ = {isa = PBXBuildFile; fileRef = A393258F299483AF007EA0F7 /* SecondButton.swift */; };
		A393259629951EB3007EA0F7 /* Coordinate.swift in Sources */ = {isa = PBXBuildFile; fileRef = A393259529951EB3007EA0F7 /* Coordinate.swift */; };
		A39325982995304B007EA0F7 /* HomeView.swift in Sources */ = {isa = PBXBuildFile; fileRef = A39325972995304B007EA0F7 /* HomeView.swift */; };
		A39325AD299551BD007EA0F7 /* NoPermissionViewController.swift in Sources */ = {isa = PBXBuildFile; fileRef = A39325AA299551BD007EA0F7 /* NoPermissionViewController.swift */; };
		A39325AE299551BD007EA0F7 /* NoPermissionView.swift in Sources */ = {isa = PBXBuildFile; fileRef = A39325AB299551BD007EA0F7 /* NoPermissionView.swift */; };
		A39325AF299551BD007EA0F7 /* NoPermissionViewModel.swift in Sources */ = {isa = PBXBuildFile; fileRef = A39325AC299551BD007EA0F7 /* NoPermissionViewModel.swift */; };
		A39325B1299551D0007EA0F7 /* NoPermissionView.xib in Resources */ = {isa = PBXBuildFile; fileRef = A39325B0299551D0007EA0F7 /* NoPermissionView.xib */; };
		A39325B329955724007EA0F7 /* HomeView.xib in Resources */ = {isa = PBXBuildFile; fileRef = A39325B229955724007EA0F7 /* HomeView.xib */; };
		A39325B6299557A6007EA0F7 /* HomeViewController.swift in Sources */ = {isa = PBXBuildFile; fileRef = A39325B5299557A6007EA0F7 /* HomeViewController.swift */; };
		A3A220472992849500B6DEF3 /* AppDelegate.swift in Sources */ = {isa = PBXBuildFile; fileRef = A3A220462992849500B6DEF3 /* AppDelegate.swift */; };
		A3A220492992849500B6DEF3 /* SceneDelegate.swift in Sources */ = {isa = PBXBuildFile; fileRef = A3A220482992849500B6DEF3 /* SceneDelegate.swift */; };
		A3A220502992849700B6DEF3 /* Assets.xcassets in Resources */ = {isa = PBXBuildFile; fileRef = A3A2204F2992849700B6DEF3 /* Assets.xcassets */; };
		A3A220532992849700B6DEF3 /* LaunchScreen.storyboard in Resources */ = {isa = PBXBuildFile; fileRef = A3A220512992849700B6DEF3 /* LaunchScreen.storyboard */; };
		A3A220742992B1FD00B6DEF3 /* MainButton.swift in Sources */ = {isa = PBXBuildFile; fileRef = A3A220732992B1FD00B6DEF3 /* MainButton.swift */; };
		A3A220762992F04600B6DEF3 /* Coordinator.swift in Sources */ = {isa = PBXBuildFile; fileRef = A3A220752992F04600B6DEF3 /* Coordinator.swift */; };
		A3A220782992F09700B6DEF3 /* Event.swift in Sources */ = {isa = PBXBuildFile; fileRef = A3A220772992F09700B6DEF3 /* Event.swift */; };
		A3A2207A2992F1FF00B6DEF3 /* MainCoordinator.swift in Sources */ = {isa = PBXBuildFile; fileRef = A3A220792992F1FF00B6DEF3 /* MainCoordinator.swift */; };
		A3E6F4C529931D450019E76A /* LocationDefaults.swift in Sources */ = {isa = PBXBuildFile; fileRef = A3E6F4C429931D450019E76A /* LocationDefaults.swift */; };
		A3E6F4CC2993D9160019E76A /* HomeViewModel.swift in Sources */ = {isa = PBXBuildFile; fileRef = A3E6F4C92993D9160019E76A /* HomeViewModel.swift */; };
		A3E6F4D32993DB300019E76A /* GrayCardView.swift in Sources */ = {isa = PBXBuildFile; fileRef = A3E6F4D22993DB300019E76A /* GrayCardView.swift */; };
		A3E6F4D52993DB420019E76A /* GrayCardView.xib in Resources */ = {isa = PBXBuildFile; fileRef = A3E6F4D42993DB420019E76A /* GrayCardView.xib */; };
		A3E6F4D92994225B0019E76A /* GreenCardView.xib in Resources */ = {isa = PBXBuildFile; fileRef = A3E6F4D82994225B0019E76A /* GreenCardView.xib */; };
		A3E6F4DB299422660019E76A /* GreenCardView.swift in Sources */ = {isa = PBXBuildFile; fileRef = A3E6F4DA299422660019E76A /* GreenCardView.swift */; };
/* End PBXBuildFile section */

/* Begin PBXFileReference section */
		A393258A2994836F007EA0F7 /* MainButton.xib */ = {isa = PBXFileReference; fileEncoding = 4; lastKnownFileType = file.xib; path = MainButton.xib; sourceTree = "<group>"; };
		A393258D299483A4007EA0F7 /* SecondButton.xib */ = {isa = PBXFileReference; lastKnownFileType = file.xib; path = SecondButton.xib; sourceTree = "<group>"; };
		A393258F299483AF007EA0F7 /* SecondButton.swift */ = {isa = PBXFileReference; lastKnownFileType = sourcecode.swift; path = SecondButton.swift; sourceTree = "<group>"; };
		A393259529951EB3007EA0F7 /* Coordinate.swift */ = {isa = PBXFileReference; lastKnownFileType = sourcecode.swift; path = Coordinate.swift; sourceTree = "<group>"; };
		A39325972995304B007EA0F7 /* HomeView.swift */ = {isa = PBXFileReference; lastKnownFileType = sourcecode.swift; path = HomeView.swift; sourceTree = "<group>"; };
		A39325AA299551BD007EA0F7 /* NoPermissionViewController.swift */ = {isa = PBXFileReference; lastKnownFileType = sourcecode.swift; path = NoPermissionViewController.swift; sourceTree = "<group>"; };
		A39325AB299551BD007EA0F7 /* NoPermissionView.swift */ = {isa = PBXFileReference; lastKnownFileType = sourcecode.swift; path = NoPermissionView.swift; sourceTree = "<group>"; };
		A39325AC299551BD007EA0F7 /* NoPermissionViewModel.swift */ = {isa = PBXFileReference; lastKnownFileType = sourcecode.swift; path = NoPermissionViewModel.swift; sourceTree = "<group>"; };
		A39325B0299551D0007EA0F7 /* NoPermissionView.xib */ = {isa = PBXFileReference; lastKnownFileType = file.xib; path = NoPermissionView.xib; sourceTree = "<group>"; };
		A39325B229955724007EA0F7 /* HomeView.xib */ = {isa = PBXFileReference; fileEncoding = 4; lastKnownFileType = file.xib; path = HomeView.xib; sourceTree = "<group>"; };
		A39325B5299557A6007EA0F7 /* HomeViewController.swift */ = {isa = PBXFileReference; lastKnownFileType = sourcecode.swift; path = HomeViewController.swift; sourceTree = "<group>"; };
		A3A220432992849500B6DEF3 /* CalculandoADistancia.app */ = {isa = PBXFileReference; explicitFileType = wrapper.application; includeInIndex = 0; path = CalculandoADistancia.app; sourceTree = BUILT_PRODUCTS_DIR; };
		A3A220462992849500B6DEF3 /* AppDelegate.swift */ = {isa = PBXFileReference; lastKnownFileType = sourcecode.swift; path = AppDelegate.swift; sourceTree = "<group>"; };
		A3A220482992849500B6DEF3 /* SceneDelegate.swift */ = {isa = PBXFileReference; lastKnownFileType = sourcecode.swift; path = SceneDelegate.swift; sourceTree = "<group>"; };
		A3A2204F2992849700B6DEF3 /* Assets.xcassets */ = {isa = PBXFileReference; lastKnownFileType = folder.assetcatalog; path = Assets.xcassets; sourceTree = "<group>"; };
		A3A220522992849700B6DEF3 /* Base */ = {isa = PBXFileReference; lastKnownFileType = file.storyboard; name = Base; path = Base.lproj/LaunchScreen.storyboard; sourceTree = "<group>"; };
		A3A220542992849700B6DEF3 /* Info.plist */ = {isa = PBXFileReference; lastKnownFileType = text.plist.xml; path = Info.plist; sourceTree = "<group>"; };
		A3A220732992B1FD00B6DEF3 /* MainButton.swift */ = {isa = PBXFileReference; lastKnownFileType = sourcecode.swift; path = MainButton.swift; sourceTree = "<group>"; };
		A3A220752992F04600B6DEF3 /* Coordinator.swift */ = {isa = PBXFileReference; lastKnownFileType = sourcecode.swift; path = Coordinator.swift; sourceTree = "<group>"; };
		A3A220772992F09700B6DEF3 /* Event.swift */ = {isa = PBXFileReference; lastKnownFileType = sourcecode.swift; path = Event.swift; sourceTree = "<group>"; };
		A3A220792992F1FF00B6DEF3 /* MainCoordinator.swift */ = {isa = PBXFileReference; lastKnownFileType = sourcecode.swift; path = MainCoordinator.swift; sourceTree = "<group>"; };
		A3E6F4C429931D450019E76A /* LocationDefaults.swift */ = {isa = PBXFileReference; lastKnownFileType = sourcecode.swift; path = LocationDefaults.swift; sourceTree = "<group>"; };
		A3E6F4C92993D9160019E76A /* HomeViewModel.swift */ = {isa = PBXFileReference; lastKnownFileType = sourcecode.swift; path = HomeViewModel.swift; sourceTree = "<group>"; };
		A3E6F4D22993DB300019E76A /* GrayCardView.swift */ = {isa = PBXFileReference; lastKnownFileType = sourcecode.swift; path = GrayCardView.swift; sourceTree = "<group>"; };
		A3E6F4D42993DB420019E76A /* GrayCardView.xib */ = {isa = PBXFileReference; lastKnownFileType = file.xib; path = GrayCardView.xib; sourceTree = "<group>"; };
		A3E6F4D82994225B0019E76A /* GreenCardView.xib */ = {isa = PBXFileReference; lastKnownFileType = file.xib; path = GreenCardView.xib; sourceTree = "<group>"; };
		A3E6F4DA299422660019E76A /* GreenCardView.swift */ = {isa = PBXFileReference; lastKnownFileType = sourcecode.swift; path = GreenCardView.swift; sourceTree = "<group>"; };
/* End PBXFileReference section */

/* Begin PBXFrameworksBuildPhase section */
		A3A220402992849500B6DEF3 /* Frameworks */ = {
			isa = PBXFrameworksBuildPhase;
			buildActionMask = 2147483647;
			files = (
			);
			runOnlyForDeploymentPostprocessing = 0;
		};
/* End PBXFrameworksBuildPhase section */

/* Begin PBXGroup section */
		A30E2E222994834900E9027E /* Main */ = {
			isa = PBXGroup;
			children = (
				A393258A2994836F007EA0F7 /* MainButton.xib */,
				A3A220732992B1FD00B6DEF3 /* MainButton.swift */,
			);
			path = Main;
			sourceTree = "<group>";
		};
		A393258C29948377007EA0F7 /* Second */ = {
			isa = PBXGroup;
			children = (
				A393258D299483A4007EA0F7 /* SecondButton.xib */,
				A393258F299483AF007EA0F7 /* SecondButton.swift */,
			);
			path = Second;
			sourceTree = "<group>";
		};
		A393259429951EA7007EA0F7 /* Model */ = {
			isa = PBXGroup;
			children = (
				A393259529951EB3007EA0F7 /* Coordinate.swift */,
			);
			path = Model;
			sourceTree = "<group>";
		};
		A39325A9299551A1007EA0F7 /* NoPermission */ = {
			isa = PBXGroup;
			children = (
				A39325AA299551BD007EA0F7 /* NoPermissionViewController.swift */,
				A39325AB299551BD007EA0F7 /* NoPermissionView.swift */,
				A39325AC299551BD007EA0F7 /* NoPermissionViewModel.swift */,
				A39325B0299551D0007EA0F7 /* NoPermissionView.xib */,
			);
			path = NoPermission;
			sourceTree = "<group>";
		};
		A3A2203A2992849500B6DEF3 = {
			isa = PBXGroup;
			children = (
				A3A220452992849500B6DEF3 /* CalculandoADistancia */,
				A3A220442992849500B6DEF3 /* Products */,
			);
			sourceTree = "<group>";
		};
		A3A220442992849500B6DEF3 /* Products */ = {
			isa = PBXGroup;
			children = (
				A3A220432992849500B6DEF3 /* CalculandoADistancia.app */,
			);
			name = Products;
			sourceTree = "<group>";
		};
		A3A220452992849500B6DEF3 /* CalculandoADistancia */ = {
			isa = PBXGroup;
			children = (
				A3A2205A2992873400B6DEF3 /* AppDelegate */,
				A3A2205C2992876000B6DEF3 /* Coordinator */,
				A3A2206B299293F500B6DEF3 /* Components */,
				A3E6F4C329931D390019E76A /* Data */,
				A393259429951EA7007EA0F7 /* Model */,
				A3A2205B2992874C00B6DEF3 /* Resources */,
				A3A2205D2992878F00B6DEF3 /* Screens */,
				A3A220542992849700B6DEF3 /* Info.plist */,
			);
			path = CalculandoADistancia;
			sourceTree = "<group>";
		};
		A3A2205A2992873400B6DEF3 /* AppDelegate */ = {
			isa = PBXGroup;
			children = (
				A3A220462992849500B6DEF3 /* AppDelegate.swift */,
				A3A220482992849500B6DEF3 /* SceneDelegate.swift */,
			);
			path = AppDelegate;
			sourceTree = "<group>";
		};
		A3A2205B2992874C00B6DEF3 /* Resources */ = {
			isa = PBXGroup;
			children = (
				A3A2204F2992849700B6DEF3 /* Assets.xcassets */,
				A3A220512992849700B6DEF3 /* LaunchScreen.storyboard */,
			);
			path = Resources;
			sourceTree = "<group>";
		};
		A3A2205C2992876000B6DEF3 /* Coordinator */ = {
			isa = PBXGroup;
			children = (
				A3A220752992F04600B6DEF3 /* Coordinator.swift */,
				A3A220772992F09700B6DEF3 /* Event.swift */,
				A3A220792992F1FF00B6DEF3 /* MainCoordinator.swift */,
			);
			path = Coordinator;
			sourceTree = "<group>";
		};
		A3A2205D2992878F00B6DEF3 /* Screens */ = {
			isa = PBXGroup;
			children = (
				A39325A9299551A1007EA0F7 /* NoPermission */,
				A3E6F4C62993D8EA0019E76A /* Home */,
			);
			path = Screens;
			sourceTree = "<group>";
		};
		A3A2206B299293F500B6DEF3 /* Components */ = {
			isa = PBXGroup;
			children = (
				A3E6F4D12993DAE30019E76A /* Cards */,
				A3A220702992AA8200B6DEF3 /* Buttons */,
			);
			path = Components;
			sourceTree = "<group>";
		};
		A3A220702992AA8200B6DEF3 /* Buttons */ = {
			isa = PBXGroup;
			children = (
				A393258C29948377007EA0F7 /* Second */,
				A30E2E222994834900E9027E /* Main */,
			);
			path = Buttons;
			sourceTree = "<group>";
		};
		A3E6F4C329931D390019E76A /* Data */ = {
			isa = PBXGroup;
			children = (
				A3E6F4C429931D450019E76A /* LocationDefaults.swift */,
			);
			path = Data;
			sourceTree = "<group>";
		};
		A3E6F4C62993D8EA0019E76A /* Home */ = {
			isa = PBXGroup;
			children = (
				A39325B229955724007EA0F7 /* HomeView.xib */,
				A3E6F4C92993D9160019E76A /* HomeViewModel.swift */,
				A39325972995304B007EA0F7 /* HomeView.swift */,
				A39325B5299557A6007EA0F7 /* HomeViewController.swift */,
			);
			path = Home;
			sourceTree = "<group>";
		};
		A3E6F4D12993DAE30019E76A /* Cards */ = {
			isa = PBXGroup;
			children = (
				A3E6F4D7299422440019E76A /* GreenCard */,
				A3E6F4D6299422130019E76A /* GrayCard */,
			);
			path = Cards;
			sourceTree = "<group>";
		};
		A3E6F4D6299422130019E76A /* GrayCard */ = {
			isa = PBXGroup;
			children = (
				A3E6F4D22993DB300019E76A /* GrayCardView.swift */,
				A3E6F4D42993DB420019E76A /* GrayCardView.xib */,
			);
			path = GrayCard;
			sourceTree = "<group>";
		};
		A3E6F4D7299422440019E76A /* GreenCard */ = {
			isa = PBXGroup;
			children = (
				A3E6F4D82994225B0019E76A /* GreenCardView.xib */,
				A3E6F4DA299422660019E76A /* GreenCardView.swift */,
			);
			path = GreenCard;
			sourceTree = "<group>";
		};
/* End PBXGroup section */

/* Begin PBXNativeTarget section */
		A3A220422992849500B6DEF3 /* CalculandoADistancia */ = {
			isa = PBXNativeTarget;
			buildConfigurationList = A3A220572992849700B6DEF3 /* Build configuration list for PBXNativeTarget "CalculandoADistancia" */;
			buildPhases = (
				A3A2203F2992849500B6DEF3 /* Sources */,
				A3A220402992849500B6DEF3 /* Frameworks */,
				A3A220412992849500B6DEF3 /* Resources */,
			);
			buildRules = (
			);
			dependencies = (
			);
			name = CalculandoADistancia;
			productName = CalculandoADistancia;
			productReference = A3A220432992849500B6DEF3 /* CalculandoADistancia.app */;
			productType = "com.apple.product-type.application";
		};
/* End PBXNativeTarget section */

/* Begin PBXProject section */
		A3A2203B2992849500B6DEF3 /* Project object */ = {
			isa = PBXProject;
			attributes = {
				BuildIndependentTargetsInParallel = 1;
				LastSwiftUpdateCheck = 1420;
				LastUpgradeCheck = 1420;
				TargetAttributes = {
					A3A220422992849500B6DEF3 = {
						CreatedOnToolsVersion = 14.2;
					};
				};
			};
			buildConfigurationList = A3A2203E2992849500B6DEF3 /* Build configuration list for PBXProject "CalculandoADistancia" */;
			compatibilityVersion = "Xcode 14.0";
			developmentRegion = en;
			hasScannedForEncodings = 0;
			knownRegions = (
				en,
				Base,
			);
			mainGroup = A3A2203A2992849500B6DEF3;
			productRefGroup = A3A220442992849500B6DEF3 /* Products */;
			projectDirPath = "";
			projectRoot = "";
			targets = (
				A3A220422992849500B6DEF3 /* CalculandoADistancia */,
			);
		};
/* End PBXProject section */

/* Begin PBXResourcesBuildPhase section */
		A3A220412992849500B6DEF3 /* Resources */ = {
			isa = PBXResourcesBuildPhase;
			buildActionMask = 2147483647;
			files = (
				A39325B1299551D0007EA0F7 /* NoPermissionView.xib in Resources */,
				A393258B2994836F007EA0F7 /* MainButton.xib in Resources */,
				A393258E299483A4007EA0F7 /* SecondButton.xib in Resources */,
				A3E6F4D92994225B0019E76A /* GreenCardView.xib in Resources */,
				A3A220532992849700B6DEF3 /* LaunchScreen.storyboard in Resources */,
				A3A220502992849700B6DEF3 /* Assets.xcassets in Resources */,
				A3E6F4D52993DB420019E76A /* GrayCardView.xib in Resources */,
				A39325B329955724007EA0F7 /* HomeView.xib in Resources */,
			);
			runOnlyForDeploymentPostprocessing = 0;
		};
/* End PBXResourcesBuildPhase section */

/* Begin PBXSourcesBuildPhase section */
		A3A2203F2992849500B6DEF3 /* Sources */ = {
			isa = PBXSourcesBuildPhase;
			buildActionMask = 2147483647;
			files = (
				A3A220472992849500B6DEF3 /* AppDelegate.swift in Sources */,
				A3A2207A2992F1FF00B6DEF3 /* MainCoordinator.swift in Sources */,
				A3E6F4C529931D450019E76A /* LocationDefaults.swift in Sources */,
				A39325AE299551BD007EA0F7 /* NoPermissionView.swift in Sources */,
				A3E6F4D32993DB300019E76A /* GrayCardView.swift in Sources */,
				A3A220762992F04600B6DEF3 /* Coordinator.swift in Sources */,
				A3E6F4CC2993D9160019E76A /* HomeViewModel.swift in Sources */,
				A39325AD299551BD007EA0F7 /* NoPermissionViewController.swift in Sources */,
				A39325AF299551BD007EA0F7 /* NoPermissionViewModel.swift in Sources */,
				A3E6F4DB299422660019E76A /* GreenCardView.swift in Sources */,
				A3A220492992849500B6DEF3 /* SceneDelegate.swift in Sources */,
				A39325B6299557A6007EA0F7 /* HomeViewController.swift in Sources */,
				A3A220782992F09700B6DEF3 /* Event.swift in Sources */,
				A3A220742992B1FD00B6DEF3 /* MainButton.swift in Sources */,
				A39325982995304B007EA0F7 /* HomeView.swift in Sources */,
				A3932590299483AF007EA0F7 /* SecondButton.swift in Sources */,
				A393259629951EB3007EA0F7 /* Coordinate.swift in Sources */,
			);
			runOnlyForDeploymentPostprocessing = 0;
		};
/* End PBXSourcesBuildPhase section */

/* Begin PBXVariantGroup section */
		A3A220512992849700B6DEF3 /* LaunchScreen.storyboard */ = {
			isa = PBXVariantGroup;
			children = (
				A3A220522992849700B6DEF3 /* Base */,
			);
			name = LaunchScreen.storyboard;
			sourceTree = "<group>";
		};
/* End PBXVariantGroup section */

/* Begin XCBuildConfiguration section */
		A3A220552992849700B6DEF3 /* Debug */ = {
			isa = XCBuildConfiguration;
			buildSettings = {
				ALWAYS_SEARCH_USER_PATHS = NO;
				CLANG_ANALYZER_NONNULL = YES;
				CLANG_ANALYZER_NUMBER_OBJECT_CONVERSION = YES_AGGRESSIVE;
				CLANG_CXX_LANGUAGE_STANDARD = "gnu++20";
				CLANG_ENABLE_MODULES = YES;
				CLANG_ENABLE_OBJC_ARC = YES;
				CLANG_ENABLE_OBJC_WEAK = YES;
				CLANG_WARN_BLOCK_CAPTURE_AUTORELEASING = YES;
				CLANG_WARN_BOOL_CONVERSION = YES;
				CLANG_WARN_COMMA = YES;
				CLANG_WARN_CONSTANT_CONVERSION = YES;
				CLANG_WARN_DEPRECATED_OBJC_IMPLEMENTATIONS = YES;
				CLANG_WARN_DIRECT_OBJC_ISA_USAGE = YES_ERROR;
				CLANG_WARN_DOCUMENTATION_COMMENTS = YES;
				CLANG_WARN_EMPTY_BODY = YES;
				CLANG_WARN_ENUM_CONVERSION = YES;
				CLANG_WARN_INFINITE_RECURSION = YES;
				CLANG_WARN_INT_CONVERSION = YES;
				CLANG_WARN_NON_LITERAL_NULL_CONVERSION = YES;
				CLANG_WARN_OBJC_IMPLICIT_RETAIN_SELF = YES;
				CLANG_WARN_OBJC_LITERAL_CONVERSION = YES;
				CLANG_WARN_OBJC_ROOT_CLASS = YES_ERROR;
				CLANG_WARN_QUOTED_INCLUDE_IN_FRAMEWORK_HEADER = YES;
				CLANG_WARN_RANGE_LOOP_ANALYSIS = YES;
				CLANG_WARN_STRICT_PROTOTYPES = YES;
				CLANG_WARN_SUSPICIOUS_MOVE = YES;
				CLANG_WARN_UNGUARDED_AVAILABILITY = YES_AGGRESSIVE;
				CLANG_WARN_UNREACHABLE_CODE = YES;
				CLANG_WARN__DUPLICATE_METHOD_MATCH = YES;
				COPY_PHASE_STRIP = NO;
				DEBUG_INFORMATION_FORMAT = dwarf;
				ENABLE_STRICT_OBJC_MSGSEND = YES;
				ENABLE_TESTABILITY = YES;
				GCC_C_LANGUAGE_STANDARD = gnu11;
				GCC_DYNAMIC_NO_PIC = NO;
				GCC_NO_COMMON_BLOCKS = YES;
				GCC_OPTIMIZATION_LEVEL = 0;
				GCC_PREPROCESSOR_DEFINITIONS = (
					"DEBUG=1",
					"$(inherited)",
				);
				GCC_WARN_64_TO_32_BIT_CONVERSION = YES;
				GCC_WARN_ABOUT_RETURN_TYPE = YES_ERROR;
				GCC_WARN_UNDECLARED_SELECTOR = YES;
				GCC_WARN_UNINITIALIZED_AUTOS = YES_AGGRESSIVE;
				GCC_WARN_UNUSED_FUNCTION = YES;
				GCC_WARN_UNUSED_VARIABLE = YES;
				IPHONEOS_DEPLOYMENT_TARGET = 16.2;
				MTL_ENABLE_DEBUG_INFO = INCLUDE_SOURCE;
				MTL_FAST_MATH = YES;
				ONLY_ACTIVE_ARCH = YES;
				SDKROOT = iphoneos;
				SWIFT_ACTIVE_COMPILATION_CONDITIONS = DEBUG;
				SWIFT_OPTIMIZATION_LEVEL = "-Onone";
			};
			name = Debug;
		};
		A3A220562992849700B6DEF3 /* Release */ = {
			isa = XCBuildConfiguration;
			buildSettings = {
				ALWAYS_SEARCH_USER_PATHS = NO;
				CLANG_ANALYZER_NONNULL = YES;
				CLANG_ANALYZER_NUMBER_OBJECT_CONVERSION = YES_AGGRESSIVE;
				CLANG_CXX_LANGUAGE_STANDARD = "gnu++20";
				CLANG_ENABLE_MODULES = YES;
				CLANG_ENABLE_OBJC_ARC = YES;
				CLANG_ENABLE_OBJC_WEAK = YES;
				CLANG_WARN_BLOCK_CAPTURE_AUTORELEASING = YES;
				CLANG_WARN_BOOL_CONVERSION = YES;
				CLANG_WARN_COMMA = YES;
				CLANG_WARN_CONSTANT_CONVERSION = YES;
				CLANG_WARN_DEPRECATED_OBJC_IMPLEMENTATIONS = YES;
				CLANG_WARN_DIRECT_OBJC_ISA_USAGE = YES_ERROR;
				CLANG_WARN_DOCUMENTATION_COMMENTS = YES;
				CLANG_WARN_EMPTY_BODY = YES;
				CLANG_WARN_ENUM_CONVERSION = YES;
				CLANG_WARN_INFINITE_RECURSION = YES;
				CLANG_WARN_INT_CONVERSION = YES;
				CLANG_WARN_NON_LITERAL_NULL_CONVERSION = YES;
				CLANG_WARN_OBJC_IMPLICIT_RETAIN_SELF = YES;
				CLANG_WARN_OBJC_LITERAL_CONVERSION = YES;
				CLANG_WARN_OBJC_ROOT_CLASS = YES_ERROR;
				CLANG_WARN_QUOTED_INCLUDE_IN_FRAMEWORK_HEADER = YES;
				CLANG_WARN_RANGE_LOOP_ANALYSIS = YES;
				CLANG_WARN_STRICT_PROTOTYPES = YES;
				CLANG_WARN_SUSPICIOUS_MOVE = YES;
				CLANG_WARN_UNGUARDED_AVAILABILITY = YES_AGGRESSIVE;
				CLANG_WARN_UNREACHABLE_CODE = YES;
				CLANG_WARN__DUPLICATE_METHOD_MATCH = YES;
				COPY_PHASE_STRIP = NO;
				DEBUG_INFORMATION_FORMAT = "dwarf-with-dsym";
				ENABLE_NS_ASSERTIONS = NO;
				ENABLE_STRICT_OBJC_MSGSEND = YES;
				GCC_C_LANGUAGE_STANDARD = gnu11;
				GCC_NO_COMMON_BLOCKS = YES;
				GCC_WARN_64_TO_32_BIT_CONVERSION = YES;
				GCC_WARN_ABOUT_RETURN_TYPE = YES_ERROR;
				GCC_WARN_UNDECLARED_SELECTOR = YES;
				GCC_WARN_UNINITIALIZED_AUTOS = YES_AGGRESSIVE;
				GCC_WARN_UNUSED_FUNCTION = YES;
				GCC_WARN_UNUSED_VARIABLE = YES;
				IPHONEOS_DEPLOYMENT_TARGET = 16.2;
				MTL_ENABLE_DEBUG_INFO = NO;
				MTL_FAST_MATH = YES;
				SDKROOT = iphoneos;
				SWIFT_COMPILATION_MODE = wholemodule;
				SWIFT_OPTIMIZATION_LEVEL = "-O";
				VALIDATE_PRODUCT = YES;
			};
			name = Release;
		};
		A3A220582992849700B6DEF3 /* Debug */ = {
			isa = XCBuildConfiguration;
			buildSettings = {
				ASSETCATALOG_COMPILER_APPICON_NAME = AppIcon;
				ASSETCATALOG_COMPILER_GLOBAL_ACCENT_COLOR_NAME = AccentColor;
				CODE_SIGN_STYLE = Automatic;
				CURRENT_PROJECT_VERSION = 1;
				DEVELOPMENT_TEAM = GM2YUUZ32A;
				GENERATE_INFOPLIST_FILE = YES;
				INFOPLIST_FILE = CalculandoADistancia/Info.plist;
				INFOPLIST_KEY_UIApplicationSupportsIndirectInputEvents = YES;
				INFOPLIST_KEY_UILaunchStoryboardName = LaunchScreen;
				INFOPLIST_KEY_UISupportedInterfaceOrientations_iPad = "UIInterfaceOrientationPortrait UIInterfaceOrientationPortraitUpsideDown UIInterfaceOrientationLandscapeLeft UIInterfaceOrientationLandscapeRight";
				INFOPLIST_KEY_UISupportedInterfaceOrientations_iPhone = "UIInterfaceOrientationPortrait UIInterfaceOrientationLandscapeLeft UIInterfaceOrientationLandscapeRight";
				LD_RUNPATH_SEARCH_PATHS = (
					"$(inherited)",
					"@executable_path/Frameworks",
				);
				MARKETING_VERSION = 1.0;
				PRODUCT_BUNDLE_IDENTIFIER = br.com.simim.CalculandoADistancia;
				PRODUCT_NAME = "$(TARGET_NAME)";
				SWIFT_EMIT_LOC_STRINGS = YES;
				SWIFT_VERSION = 5.0;
				TARGETED_DEVICE_FAMILY = "1,2";
			};
			name = Debug;
		};
		A3A220592992849700B6DEF3 /* Release */ = {
			isa = XCBuildConfiguration;
			buildSettings = {
				ASSETCATALOG_COMPILER_APPICON_NAME = AppIcon;
				ASSETCATALOG_COMPILER_GLOBAL_ACCENT_COLOR_NAME = AccentColor;
				CODE_SIGN_STYLE = Automatic;
				CURRENT_PROJECT_VERSION = 1;
				DEVELOPMENT_TEAM = GM2YUUZ32A;
				GENERATE_INFOPLIST_FILE = YES;
				INFOPLIST_FILE = CalculandoADistancia/Info.plist;
				INFOPLIST_KEY_UIApplicationSupportsIndirectInputEvents = YES;
				INFOPLIST_KEY_UILaunchStoryboardName = LaunchScreen;
				INFOPLIST_KEY_UISupportedInterfaceOrientations_iPad = "UIInterfaceOrientationPortrait UIInterfaceOrientationPortraitUpsideDown UIInterfaceOrientationLandscapeLeft UIInterfaceOrientationLandscapeRight";
				INFOPLIST_KEY_UISupportedInterfaceOrientations_iPhone = "UIInterfaceOrientationPortrait UIInterfaceOrientationLandscapeLeft UIInterfaceOrientationLandscapeRight";
				LD_RUNPATH_SEARCH_PATHS = (
					"$(inherited)",
					"@executable_path/Frameworks",
				);
				MARKETING_VERSION = 1.0;
				PRODUCT_BUNDLE_IDENTIFIER = br.com.simim.CalculandoADistancia;
				PRODUCT_NAME = "$(TARGET_NAME)";
				SWIFT_EMIT_LOC_STRINGS = YES;
				SWIFT_VERSION = 5.0;
				TARGETED_DEVICE_FAMILY = "1,2";
			};
			name = Release;
		};
/* End XCBuildConfiguration section */

/* Begin XCConfigurationList section */
		A3A2203E2992849500B6DEF3 /* Build configuration list for PBXProject "CalculandoADistancia" */ = {
			isa = XCConfigurationList;
			buildConfigurations = (
				A3A220552992849700B6DEF3 /* Debug */,
				A3A220562992849700B6DEF3 /* Release */,
			);
			defaultConfigurationIsVisible = 0;
			defaultConfigurationName = Release;
		};
		A3A220572992849700B6DEF3 /* Build configuration list for PBXNativeTarget "CalculandoADistancia" */ = {
			isa = XCConfigurationList;
			buildConfigurations = (
				A3A220582992849700B6DEF3 /* Debug */,
				A3A220592992849700B6DEF3 /* Release */,
			);
			defaultConfigurationIsVisible = 0;
			defaultConfigurationName = Release;
		};
/* End XCConfigurationList section */
	};
	rootObject = A3A2203B2992849500B6DEF3 /* Project object */;
}
